github.com/HugoSmits86/nativewebp v1.3.0 h1:n1egtEzSV4KwFtealr7dzdYq1wI/uj/bOQ/QcTcIyVE=
github.com/HugoSmits86/nativewebp v1.3.0/go.mod h1:YNQuWenlVmSUUASVNhTDwf4d7FwYQGbGhklC8p72Vr8=
github.com/boombuler/barcode v1.1.0 h1:ChaYjBR63fr4LFyGn8E8nt7dBSt3MiU3zMOZqFvVkHo=
github.com/boombuler/barcode v1.1.0/go.mod h1:paBWMcWSl3LHKBqUq+rly7CNSldXjb2rDl3JlRe0mD8=
github.com/go-chi/chi/v5 v5.3.1 h1:3j4HZLGZQ3JpMCrPJF/Jl3mYJfWLKBfNJ6quurUGCf8=
github.com/go-chi/chi/v5 v5.3.1/go.mod h1:R+tYY2hNuVUUjxoPtqUdgBqevM9s9njzkTLutVsOCto=
github.com/makiuchi-d/gozxing v0.1.1 h1:xxqijhoedi+/lZlhINteGbywIrewVdVv2wl9r5O9S1I=
github.com/makiuchi-d/gozxing v0.1.1/go.mod h1:eRIHbOjX7QWxLIDJoQuMLhuXg9LAuw6znsUtRkNw9DU=
github.com/prometheus/client_golang v1.24.1 h1:JnJkREXzWxUdCuPFpIWZiPispT9xVV59uiuyR2bPlnU=
github.com/prometheus/client_golang v1.24.1/go.mod h1:F+oSRECHg4sse5ucfYpYDeIv/hu68Zo0uoHKetWnzcE=
golang.org/x/image v0.45.0 h1:FMb1nTbH5H9vF55SriQHgFw5GnNL9Jg6L25BwXKzhB0=
golang.org/x/image v0.45.0/go.mod h1:n62x/7RqlwXDvGsSU4u6IUTUf6KghUZ9Bt7cG/T9Fx4=
golang.org/x/xerrors v0.0.0-20200804184101-5ec99f83aff1 h1:go1bK/D/BFZV2I8cIQd1NKEZ+0owSTG1fDTci4IqFcE=
golang.org/x/xerrors v0.0.0-20200804184101-5ec99f83aff1/go.mod h1:I/5z698sn9Ka8TeJc9MKroUUfqBBauWjQqLJ2OPfmY0=
